id: message_sanitizer
label: Godox Message Sanitizer
category: '[Godox]'
flags: [python]

inputs:
- domain: message
  id: in

outputs:
- domain: message
  id: out
- domain: message
  id: debug
  optional: true

templates:
  imports: import godox_rc_emu
  make: godox_rc_emu.message_sanitizer()

file_format: 1

